
Microsoft Visual Studio Solution File, Format Version 12.00
# Visual Studio Version 16
VisualStudioVersion = 16.0.30114.105
MinimumVisualStudioVersion = 10.0.40219.1
Project("{FAE04EC0-301F-11D3-BF4B-00C04F79EFBC}") = "CLESportsBlog", "CLESportsBlog\CLESportsBlog.csproj", "{3E91F83E-5AF6-45E4-AD7F-3F9BE0778172}"
EndProject
Project("{FAE04EC0-301F-11D3-BF4B-00C04F79EFBC}") = "CLESportsBlog.Tests", "CLESportsBlog.tests\CLESportsBlog.Tests.csproj", "{98694F2B-6FA1-4D8D-8DA2-8761B778F9F6}"
EndProject
Global
	GlobalSection(SolutionConfigurationPlatforms) = preSolution
		Debug|Any CPU = Debug|Any CPU
		Release|Any CPU = Release|Any CPU
	EndGlobalSection
	GlobalSection(ProjectConfigurationPlatforms) = postSolution
		{3E91F83E-5AF6-45E4-AD7F-3F9BE0778172}.Debug|Any CPU.ActiveCfg = Debug|Any CPU
		{3E91F83E-5AF6-45E4-AD7F-3F9BE0778172}.Debug|Any CPU.Build.0 = Debug|Any CPU
		{3E91F83E-5AF6-45E4-AD7F-3F9BE0778172}.Release|Any CPU.ActiveCfg = Release|Any CPU
		{3E91F83E-5AF6-45E4-AD7F-3F9BE0778172}.Release|Any CPU.Build.0 = Release|Any CPU
		{98694F2B-6FA1-4D8D-8DA2-8761B778F9F6}.Debug|Any CPU.ActiveCfg = Debug|Any CPU
		{98694F2B-6FA1-4D8D-8DA2-8761B778F9F6}.Debug|Any CPU.Build.0 = Debug|Any CPU
		{98694F2B-6FA1-4D8D-8DA2-8761B778F9F6}.Release|Any CPU.ActiveCfg = Release|Any CPU
		{98694F2B-6FA1-4D8D-8DA2-8761B778F9F6}.Release|Any CPU.Build.0 = Release|Any CPU
	EndGlobalSection
	GlobalSection(SolutionProperties) = preSolution
		HideSolutionNode = FALSE
	EndGlobalSection
	GlobalSection(ExtensibilityGlobals) = postSolution
		SolutionGuid = {FE920704-63F5-445F-A2EC-497639180FE1}
	EndGlobalSection
EndGlobal
